{
  "name": "pipeline-historian",
  "version": "0.1.0",
  "lockfileVersion": 1,
  "requires": true,
  "dependencies": {
    "@azure/amqp-common": {
      "version": "1.0.0-preview.5",
      "resolved": "https://pkgs.dev.azure.com/azure-sdk/_packaging/js-sdk-dependencies/npm/registry/@azure/amqp-common/-/amqp-common-1.0.0-preview.5.tgz",
      "integrity": "sha1-zVG9X74sMtWaI7ky08LHuckOBoQ=",
      "requires": {
        "@azure/ms-rest-nodeauth": "^0.9.2",
        "@types/async-lock": "^1.1.0",
        "@types/is-buffer": "^2.0.0",
        "async-lock": "^1.1.3",
        "buffer": "^5.2.1",
        "debug": "^3.1.0",
        "events": "^3.0.0",
        "is-buffer": "^2.0.3",
        "jssha": "^2.3.1",
        "process": "^0.11.10",
        "stream-browserify": "^2.0.2",
        "tslib": "^1.9.3",
        "url": "^0.11.0",
        "util": "^0.11.1"
      }
    },
    "@azure/ms-rest-azure-env": {
      "version": "1.1.2",
      "resolved": "https://pkgs.dev.azure.com/azure-sdk/_packaging/js-sdk-dependencies/npm/registry/@azure/ms-rest-azure-env/-/ms-rest-azure-env-1.1.2.tgz",
      "integrity": "sha1-hQWHOv1KEifsBAiUpk/dc2tKEB8="
    },
    "@azure/ms-rest-js": {
      "version": "1.8.13",
      "resolved": "https://pkgs.dev.azure.com/azure-sdk/_packaging/js-sdk-dependencies/npm/registry/@azure/ms-rest-js/-/ms-rest-js-1.8.13.tgz",
      "integrity": "sha1-7QzYZGlpc3jNOdedVYnod6O8h6Y=",
      "requires": {
        "@types/tunnel": "0.0.0",
        "axios": "^0.19.0",
        "form-data": "^2.3.2",
        "tough-cookie": "^2.4.3",
        "tslib": "^1.9.2",
        "tunnel": "0.0.6",
        "uuid": "^3.2.1",
        "xml2js": "^0.4.19"
      },
      "dependencies": {
        "sax": {
          "version": "1.2.4",
          "resolved": "https://pkgs.dev.azure.com/azure-sdk/_packaging/js-sdk-dependencies/npm/registry/sax/-/sax-1.2.4.tgz",
          "integrity": "sha1-KBYjTiN4vdxOU1T6tcqold9xANk="
        },
        "xml2js": {
          "version": "0.4.19",
          "resolved": "https://pkgs.dev.azure.com/azure-sdk/_packaging/js-sdk-dependencies/npm/registry/xml2js/-/xml2js-0.4.19.tgz",
          "integrity": "sha1-aGwg8hMgnpSr8NG88e+qKRx4J6c=",
          "requires": {
            "sax": ">=0.6.0",
            "xmlbuilder": "~9.0.1"
          }
        },
        "xmlbuilder": {
          "version": "9.0.7",
          "resolved": "https://pkgs.dev.azure.com/azure-sdk/_packaging/js-sdk-dependencies/npm/registry/xmlbuilder/-/xmlbuilder-9.0.7.tgz",
          "integrity": "sha1-Ey7mPS7FVlxVfiD0wi35rKaGsQ0="
        }
      }
    },
    "@azure/ms-rest-nodeauth": {
      "version": "0.9.3",
      "resolved": "https://pkgs.dev.azure.com/azure-sdk/_packaging/js-sdk-dependencies/npm/registry/@azure/ms-rest-nodeauth/-/ms-rest-nodeauth-0.9.3.tgz",
      "integrity": "sha1-rq68T3bSpunWjUVKIWGiDXs5Gvk=",
      "requires": {
        "@azure/ms-rest-azure-env": "^1.1.0",
        "@azure/ms-rest-js": "^1.8.1",
        "adal-node": "^0.1.22"
      }
    },
    "@azure/service-bus": {
      "version": "1.0.2",
      "resolved": "https://pkgs.dev.azure.com/azure-sdk/_packaging/js-sdk-dependencies/npm/registry/@azure/service-bus/-/service-bus-1.0.2.tgz",
      "integrity": "sha1-pg+51AXbnl4L4kWYOOn8Bb0gI5o=",
      "requires": {
        "@azure/amqp-common": "^1.0.0-preview.5",
        "@azure/ms-rest-nodeauth": "^0.9.2",
        "@types/long": "^4.0.0",
        "debug": "^3.1.0",
        "is-buffer": "^2.0.3",
        "long": "^4.0.0",
        "rhea": "^1.0.4",
        "rhea-promise": "^0.1.15",
        "tslib": "^1.9.3"
      }
    },
    "@types/async-lock": {
      "version": "1.1.1",
      "resolved": "https://pkgs.dev.azure.com/azure-sdk/_packaging/js-sdk-dependencies/npm/registry/@types/async-lock/-/async-lock-1.1.1.tgz",
      "integrity": "sha1-gfIYITvrzF90Dv6WSCcsd0ouS0s="
    },
    "@types/is-buffer": {
      "version": "2.0.0",
      "resolved": "https://pkgs.dev.azure.com/azure-sdk/_packaging/js-sdk-dependencies/npm/registry/@types/is-buffer/-/is-buffer-2.0.0.tgz",
      "integrity": "sha1-lN5NI1QGRt5fXfLNNGocFiBn6lo=",
      "requires": {
        "@types/node": "*"
      }
    },
    "@types/long": {
      "version": "4.0.0",
      "resolved": "https://pkgs.dev.azure.com/azure-sdk/_packaging/js-sdk-dependencies/npm/registry/@types/long/-/long-4.0.0.tgz",
      "integrity": "sha1-cZVR0jUtMBrIuB23Mqy2vcKNve8="
    },
    "@types/node": {
      "version": "12.0.8",
      "resolved": "https://pkgs.dev.azure.com/azure-sdk/_packaging/js-sdk-dependencies/npm/registry/@types/node/-/node-12.0.8.tgz",
      "integrity": "sha1-VRRmvhGyrcPz1HFWdY9hC9n2sdg="
    },
    "@types/tunnel": {
      "version": "0.0.0",
      "resolved": "https://pkgs.dev.azure.com/azure-sdk/_packaging/js-sdk-dependencies/npm/registry/@types/tunnel/-/tunnel-0.0.0.tgz",
      "integrity": "sha1-wqQpQ+5jyQZSpVV7jE5Wzad/lE4=",
      "requires": {
        "@types/node": "*"
      }
    },
    "adal-node": {
      "version": "0.1.28",
      "resolved": "https://pkgs.dev.azure.com/azure-sdk/_packaging/js-sdk-dependencies/npm/registry/adal-node/-/adal-node-0.1.28.tgz",
      "integrity": "sha1-RoxLs+u9lrEnBmn0ucuk4AZepIU=",
      "requires": {
        "@types/node": "^8.0.47",
        "async": ">=0.6.0",
        "date-utils": "*",
        "jws": "3.x.x",
        "request": ">= 2.52.0",
        "underscore": ">= 1.3.1",
        "uuid": "^3.1.0",
        "xmldom": ">= 0.1.x",
        "xpath.js": "~1.1.0"
      },
      "dependencies": {
        "@types/node": {
          "version": "8.10.49",
          "resolved": "https://pkgs.dev.azure.com/azure-sdk/_packaging/js-sdk-dependencies/npm/registry/@types/node/-/node-8.10.49.tgz",
          "integrity": "sha1-8zGvxe/tB5Z5jlWR1uDs5jaWm3s="
        }
      }
    },
    "ajv": {
      "version": "6.10.0",
      "resolved": "https://pkgs.dev.azure.com/azure-sdk/_packaging/js-sdk-dependencies/npm/registry/ajv/-/ajv-6.10.0.tgz",
      "integrity": "sha1-kNDVRDnaWHzX6EO/twRfUL0ivfE=",
      "requires": {
        "fast-deep-equal": "^2.0.1",
        "fast-json-stable-stringify": "^2.0.0",
        "json-schema-traverse": "^0.4.1",
        "uri-js": "^4.2.2"
      }
    },
    "asn1": {
      "version": "0.2.4",
      "resolved": "https://pkgs.dev.azure.com/azure-sdk/_packaging/js-sdk-dependencies/npm/registry/asn1/-/asn1-0.2.4.tgz",
      "integrity": "sha1-jSR136tVO7M+d7VOWeiAu4ziMTY=",
      "requires": {
        "safer-buffer": "~2.1.0"
      }
    },
    "assert-plus": {
      "version": "1.0.0",
      "resolved": "https://pkgs.dev.azure.com/azure-sdk/_packaging/js-sdk-dependencies/npm/registry/assert-plus/-/assert-plus-1.0.0.tgz",
      "integrity": "sha1-8S4PPF13sLHN2RRpQuTpbB5N1SU="
    },
    "async": {
      "version": "3.0.1",
      "resolved": "https://pkgs.dev.azure.com/azure-sdk/_packaging/js-sdk-dependencies/npm/registry/async/-/async-3.0.1.tgz",
      "integrity": "sha1-3+s0ZX0eY8lMDu5CQpe/iiyagYI="
    },
    "async-lock": {
      "version": "1.2.0",
      "resolved": "https://pkgs.dev.azure.com/azure-sdk/_packaging/js-sdk-dependencies/npm/registry/async-lock/-/async-lock-1.2.0.tgz",
      "integrity": "sha1-zWpTyx7D+GryXq/etrx8bjFyWLg="
    },
    "asynckit": {
      "version": "0.4.0",
      "resolved": "https://pkgs.dev.azure.com/azure-sdk/_packaging/js-sdk-dependencies/npm/registry/asynckit/-/asynckit-0.4.0.tgz",
      "integrity": "sha1-x57Zf380y48robyXkLzDZkdLS3k="
    },
    "aws-sign2": {
      "version": "0.7.0",
      "resolved": "https://pkgs.dev.azure.com/azure-sdk/_packaging/js-sdk-dependencies/npm/registry/aws-sign2/-/aws-sign2-0.7.0.tgz",
      "integrity": "sha1-tG6JCTSpWR8tL2+G1+ap8bP+dqg="
    },
    "aws4": {
      "version": "1.8.0",
      "resolved": "https://pkgs.dev.azure.com/azure-sdk/_packaging/js-sdk-dependencies/npm/registry/aws4/-/aws4-1.8.0.tgz",
      "integrity": "sha1-8OAD2cqef1nHpQiUXXsu+aBKVC8="
    },
    "axios": {
      "version": "0.19.0",
      "resolved": "https://pkgs.dev.azure.com/azure-sdk/_packaging/js-sdk-dependencies/npm/registry/axios/-/axios-0.19.0.tgz",
      "integrity": "sha1-jgm/89kSLhM/e4EByPvdAO09Krg=",
      "requires": {
        "follow-redirects": "1.5.10",
        "is-buffer": "^2.0.2"
      }
    },
    "azure-common": {
      "version": "0.9.20",
      "resolved": "https://pkgs.dev.azure.com/azure-sdk/_packaging/js-sdk-dependencies/npm/registry/azure-common/-/azure-common-0.9.20.tgz",
      "integrity": "sha1-XMsJedk0depjgzcAlqUAuOZFBt8=",
      "requires": {
        "dateformat": "1.0.2-1.2.3",
        "duplexer": "~0.1.1",
        "envconf": "~0.0.4",
        "request": "^2.81.0",
        "through": "~2.3.4",
        "tunnel": "~0.0.2",
        "underscore": "1.4.x",
        "validator": "^9.4.1",
        "xml2js": "0.2.7",
        "xmlbuilder": "0.4.3"
      },
      "dependencies": {
        "underscore": {
          "version": "1.4.4",
          "resolved": "https://pkgs.dev.azure.com/azure-sdk/_packaging/js-sdk-dependencies/npm/registry/underscore/-/underscore-1.4.4.tgz",
          "integrity": "sha1-YaajIBBiKvoHljvzJSA88SI51gQ="
        }
      }
    },
    "azure-sb": {
      "version": "0.11.0",
      "resolved": "https://pkgs.dev.azure.com/azure-sdk/_packaging/js-sdk-dependencies/npm/registry/azure-sb/-/azure-sb-0.11.0.tgz",
      "integrity": "sha1-KttKwZkcGu4cy4FI4m9X9/18Mnw=",
      "requires": {
        "azure-common": "^0.9.19",
        "mpns": "2.1.3",
        "underscore": "^1.8.3",
        "wns": "~0.5.3"
      }
    },
    "base64-js": {
      "version": "1.3.0",
      "resolved": "https://pkgs.dev.azure.com/azure-sdk/_packaging/js-sdk-dependencies/npm/registry/base64-js/-/base64-js-1.3.0.tgz",
      "integrity": "sha1-yrHmEY8FEJXli1KBrqjBzSK/wOM="
    },
    "bcrypt-pbkdf": {
      "version": "1.0.2",
      "resolved": "https://pkgs.dev.azure.com/azure-sdk/_packaging/js-sdk-dependencies/npm/registry/bcrypt-pbkdf/-/bcrypt-pbkdf-1.0.2.tgz",
      "integrity": "sha1-pDAdOJtqQ/m2f/PKEaP2Y342Dp4=",
      "requires": {
        "tweetnacl": "^0.14.3"
      }
    },
    "buffer": {
      "version": "5.2.1",
      "resolved": "https://pkgs.dev.azure.com/azure-sdk/_packaging/js-sdk-dependencies/npm/registry/buffer/-/buffer-5.2.1.tgz",
      "integrity": "sha1-3Vf6DxCaxZxgJHkETcp7iz0LcdY=",
      "requires": {
        "base64-js": "^1.0.2",
        "ieee754": "^1.1.4"
      }
    },
    "buffer-equal-constant-time": {
      "version": "1.0.1",
      "resolved": "https://pkgs.dev.azure.com/azure-sdk/_packaging/js-sdk-dependencies/npm/registry/buffer-equal-constant-time/-/buffer-equal-constant-time-1.0.1.tgz",
      "integrity": "sha1-+OcRMvf/5uAaXJaXpMbz5I1cyBk="
    },
    "caseless": {
      "version": "0.12.0",
      "resolved": "https://pkgs.dev.azure.com/azure-sdk/_packaging/js-sdk-dependencies/npm/registry/caseless/-/caseless-0.12.0.tgz",
      "integrity": "sha1-G2gcIf+EAzyCZUMJBolCDRhxUdw="
    },
    "combined-stream": {
      "version": "1.0.8",
      "resolved": "https://pkgs.dev.azure.com/azure-sdk/_packaging/js-sdk-dependencies/npm/registry/combined-stream/-/combined-stream-1.0.8.tgz",
      "integrity": "sha1-w9RaizT9cwYxoRCoolIGgrMdWn8=",
      "requires": {
        "delayed-stream": "~1.0.0"
      }
    },
    "core-util-is": {
      "version": "1.0.2",
      "resolved": "https://pkgs.dev.azure.com/azure-sdk/_packaging/js-sdk-dependencies/npm/registry/core-util-is/-/core-util-is-1.0.2.tgz",
      "integrity": "sha1-tf1UIgqivFq1eqtxQMlAdUUDwac="
    },
    "dashdash": {
      "version": "1.14.1",
      "resolved": "https://pkgs.dev.azure.com/azure-sdk/_packaging/js-sdk-dependencies/npm/registry/dashdash/-/dashdash-1.14.1.tgz",
      "integrity": "sha1-hTz6D3y+L+1d4gMmuN1YEDX24vA=",
      "requires": {
        "assert-plus": "^1.0.0"
      }
    },
    "date-utils": {
      "version": "1.2.21",
      "resolved": "https://pkgs.dev.azure.com/azure-sdk/_packaging/js-sdk-dependencies/npm/registry/date-utils/-/date-utils-1.2.21.tgz",
      "integrity": "sha1-YfsWzcEnSzyayq/+n8ad+HIKK2Q="
    },
    "dateformat": {
      "version": "1.0.2-1.2.3",
      "resolved": "https://pkgs.dev.azure.com/azure-sdk/_packaging/js-sdk-dependencies/npm/registry/dateformat/-/dateformat-1.0.2-1.2.3.tgz",
      "integrity": "sha1-sCIMAt6YYXQztyhRz0fePfLNvuk="
    },
    "debug": {
      "version": "3.2.6",
      "resolved": "https://pkgs.dev.azure.com/azure-sdk/_packaging/js-sdk-dependencies/npm/registry/debug/-/debug-3.2.6.tgz",
      "integrity": "sha1-6D0X3hbYp++3cX7b5fsQE17uYps=",
      "requires": {
        "ms": "^2.1.1"
      },
      "dependencies": {
        "ms": {
          "version": "2.1.2",
          "resolved": "https://pkgs.dev.azure.com/azure-sdk/_packaging/js-sdk-dependencies/npm/registry/ms/-/ms-2.1.2.tgz",
          "integrity": "sha1-0J0fNXtEP0kzgqjrPM0YOHKuYAk="
        }
      }
    },
    "delayed-stream": {
      "version": "1.0.0",
      "resolved": "https://pkgs.dev.azure.com/azure-sdk/_packaging/js-sdk-dependencies/npm/registry/delayed-stream/-/delayed-stream-1.0.0.tgz",
      "integrity": "sha1-3zrhmayt+31ECqrgsp4icrJOxhk="
    },
    "duplexer": {
      "version": "0.1.1",
      "resolved": "https://pkgs.dev.azure.com/azure-sdk/_packaging/js-sdk-dependencies/npm/registry/duplexer/-/duplexer-0.1.1.tgz",
      "integrity": "sha1-rOb/gIwc5mtX0ev5eXessCM0z8E="
    },
    "ecc-jsbn": {
      "version": "0.1.2",
      "resolved": "https://pkgs.dev.azure.com/azure-sdk/_packaging/js-sdk-dependencies/npm/registry/ecc-jsbn/-/ecc-jsbn-0.1.2.tgz",
      "integrity": "sha1-OoOpBOVDUyh4dMVkt1SThoSamMk=",
      "requires": {
        "jsbn": "~0.1.0",
        "safer-buffer": "^2.1.0"
      }
    },
    "ecdsa-sig-formatter": {
      "version": "1.0.11",
      "resolved": "https://pkgs.dev.azure.com/azure-sdk/_packaging/js-sdk-dependencies/npm/registry/ecdsa-sig-formatter/-/ecdsa-sig-formatter-1.0.11.tgz",
      "integrity": "sha1-rg8PothQRe8UqBfao86azQSJ5b8=",
      "requires": {
        "safe-buffer": "^5.0.1"
      }
    },
    "envconf": {
      "version": "0.0.4",
      "resolved": "https://pkgs.dev.azure.com/azure-sdk/_packaging/js-sdk-dependencies/npm/registry/envconf/-/envconf-0.0.4.tgz",
      "integrity": "sha1-hWda+6I3xD+Y3i1GrcDlMqTc9Is="
    },
    "events": {
      "version": "3.0.0",
      "resolved": "https://pkgs.dev.azure.com/azure-sdk/_packaging/js-sdk-dependencies/npm/registry/events/-/events-3.0.0.tgz",
      "integrity": "sha1-mgoN+vYok9krh1uPJpjKQRSXPog="
    },
    "extend": {
      "version": "3.0.2",
      "resolved": "https://pkgs.dev.azure.com/azure-sdk/_packaging/js-sdk-dependencies/npm/registry/extend/-/extend-3.0.2.tgz",
      "integrity": "sha1-+LETa0Bx+9jrFAr/hYsQGewpFfo="
    },
    "extsprintf": {
      "version": "1.3.0",
      "resolved": "https://pkgs.dev.azure.com/azure-sdk/_packaging/js-sdk-dependencies/npm/registry/extsprintf/-/extsprintf-1.3.0.tgz",
      "integrity": "sha1-lpGEQOMEGnpBT4xS48V06zw+HgU="
    },
    "fast-deep-equal": {
      "version": "2.0.1",
      "resolved": "https://pkgs.dev.azure.com/azure-sdk/_packaging/js-sdk-dependencies/npm/registry/fast-deep-equal/-/fast-deep-equal-2.0.1.tgz",
      "integrity": "sha1-ewUhjd+WZ79/Nwv3/bLLFf3Qqkk="
    },
    "fast-json-stable-stringify": {
      "version": "2.0.0",
      "resolved": "https://pkgs.dev.azure.com/azure-sdk/_packaging/js-sdk-dependencies/npm/registry/fast-json-stable-stringify/-/fast-json-stable-stringify-2.0.0.tgz",
      "integrity": "sha1-1RQsDK7msRifh9OnYREGT4bIu/I="
    },
    "follow-redirects": {
      "version": "1.5.10",
      "resolved": "https://pkgs.dev.azure.com/azure-sdk/_packaging/js-sdk-dependencies/npm/registry/follow-redirects/-/follow-redirects-1.5.10.tgz",
      "integrity": "sha1-e3qfmuov3/NnhqlP9kPtB/T/Xio=",
      "requires": {
        "debug": "=3.1.0"
      },
      "dependencies": {
        "debug": {
          "version": "3.1.0",
          "resolved": "https://pkgs.dev.azure.com/azure-sdk/_packaging/js-sdk-dependencies/npm/registry/debug/-/debug-3.1.0.tgz",
          "integrity": "sha1-W7WgZyYotkFJVmuhaBnmFRjGcmE=",
          "requires": {
            "ms": "2.0.0"
          }
        }
      }
    },
    "forever-agent": {
      "version": "0.6.1",
      "resolved": "https://pkgs.dev.azure.com/azure-sdk/_packaging/js-sdk-dependencies/npm/registry/forever-agent/-/forever-agent-0.6.1.tgz",
      "integrity": "sha1-+8cfDEGt6zf5bFd60e1C2P2sypE="
    },
    "form-data": {
      "version": "2.3.3",
      "resolved": "https://pkgs.dev.azure.com/azure-sdk/_packaging/js-sdk-dependencies/npm/registry/form-data/-/form-data-2.3.3.tgz",
      "integrity": "sha1-3M5SwF9kTymManq5Nr1yTO/786Y=",
      "requires": {
        "asynckit": "^0.4.0",
        "combined-stream": "^1.0.6",
        "mime-types": "^2.1.12"
      }
    },
    "getpass": {
      "version": "0.1.7",
      "resolved": "https://pkgs.dev.azure.com/azure-sdk/_packaging/js-sdk-dependencies/npm/registry/getpass/-/getpass-0.1.7.tgz",
      "integrity": "sha1-Xv+OPmhNVprkyysSgmBOi6YhSfo=",
      "requires": {
        "assert-plus": "^1.0.0"
      }
    },
    "har-schema": {
      "version": "2.0.0",
      "resolved": "https://pkgs.dev.azure.com/azure-sdk/_packaging/js-sdk-dependencies/npm/registry/har-schema/-/har-schema-2.0.0.tgz",
      "integrity": "sha1-qUwiJOvKwEeCoNkDVSHyRzW37JI="
    },
    "har-validator": {
      "version": "5.1.3",
      "resolved": "https://pkgs.dev.azure.com/azure-sdk/_packaging/js-sdk-dependencies/npm/registry/har-validator/-/har-validator-5.1.3.tgz",
      "integrity": "sha1-HvievT5JllV2de7ZiTEQ3DUPoIA=",
      "requires": {
        "ajv": "^6.5.5",
        "har-schema": "^2.0.0"
      }
    },
    "http-signature": {
      "version": "1.2.0",
      "resolved": "https://pkgs.dev.azure.com/azure-sdk/_packaging/js-sdk-dependencies/npm/registry/http-signature/-/http-signature-1.2.0.tgz",
      "integrity": "sha1-muzZJRFHcvPZW2WmCruPfBj7rOE=",
      "requires": {
        "assert-plus": "^1.0.0",
        "jsprim": "^1.2.2",
        "sshpk": "^1.7.0"
      }
    },
    "ieee754": {
      "version": "1.1.13",
      "resolved": "https://pkgs.dev.azure.com/azure-sdk/_packaging/js-sdk-dependencies/npm/registry/ieee754/-/ieee754-1.1.13.tgz",
      "integrity": "sha1-7BaFWOlaoYH9h9N/VcMrvLZwi4Q="
    },
    "inherits": {
      "version": "2.0.3",
      "resolved": "https://pkgs.dev.azure.com/azure-sdk/_packaging/js-sdk-dependencies/npm/registry/inherits/-/inherits-2.0.3.tgz",
      "integrity": "sha1-Yzwsg+PaQqUC9SRmAiSA9CCCYd4="
    },
    "is-buffer": {
      "version": "2.0.3",
      "resolved": "https://pkgs.dev.azure.com/azure-sdk/_packaging/js-sdk-dependencies/npm/registry/is-buffer/-/is-buffer-2.0.3.tgz",
      "integrity": "sha1-Ts8/z3ScvR5HJonhCaxmJhol5yU="
    },
    "is-typedarray": {
      "version": "1.0.0",
      "resolved": "https://pkgs.dev.azure.com/azure-sdk/_packaging/js-sdk-dependencies/npm/registry/is-typedarray/-/is-typedarray-1.0.0.tgz",
      "integrity": "sha1-5HnICFjfDBsR3dppQPlgEfzaSpo="
    },
    "isarray": {
      "version": "1.0.0",
      "resolved": "https://pkgs.dev.azure.com/azure-sdk/_packaging/js-sdk-dependencies/npm/registry/isarray/-/isarray-1.0.0.tgz",
      "integrity": "sha1-u5NdSFgsuhaMBoNJV6VKPgcSTxE="
    },
    "isstream": {
      "version": "0.1.2",
      "resolved": "https://pkgs.dev.azure.com/azure-sdk/_packaging/js-sdk-dependencies/npm/registry/isstream/-/isstream-0.1.2.tgz",
      "integrity": "sha1-R+Y/evVa+m+S4VAOaQ64uFKcCZo="
    },
    "jsbn": {
      "version": "0.1.1",
      "resolved": "https://pkgs.dev.azure.com/azure-sdk/_packaging/js-sdk-dependencies/npm/registry/jsbn/-/jsbn-0.1.1.tgz",
      "integrity": "sha1-peZUwuWi3rXyAdls77yoDA7y9RM="
    },
    "json-schema": {
      "version": "0.2.3",
      "resolved": "https://pkgs.dev.azure.com/azure-sdk/_packaging/js-sdk-dependencies/npm/registry/json-schema/-/json-schema-0.2.3.tgz",
      "integrity": "sha1-tIDIkuWaLwWVTOcnvT8qTogvnhM="
    },
    "json-schema-traverse": {
      "version": "0.4.1",
      "resolved": "https://pkgs.dev.azure.com/azure-sdk/_packaging/js-sdk-dependencies/npm/registry/json-schema-traverse/-/json-schema-traverse-0.4.1.tgz",
      "integrity": "sha1-afaofZUTq4u4/mO9sJecRI5oRmA="
    },
    "json-stringify-safe": {
      "version": "5.0.1",
      "resolved": "https://pkgs.dev.azure.com/azure-sdk/_packaging/js-sdk-dependencies/npm/registry/json-stringify-safe/-/json-stringify-safe-5.0.1.tgz",
      "integrity": "sha1-Epai1Y/UXxmg9s4B1lcB4sc1tus="
    },
    "jsprim": {
      "version": "1.4.1",
      "resolved": "https://pkgs.dev.azure.com/azure-sdk/_packaging/js-sdk-dependencies/npm/registry/jsprim/-/jsprim-1.4.1.tgz",
      "integrity": "sha1-MT5mvB5cwG5Di8G3SZwuXFastqI=",
      "requires": {
        "assert-plus": "1.0.0",
        "extsprintf": "1.3.0",
        "json-schema": "0.2.3",
        "verror": "1.10.0"
      }
    },
    "jssha": {
      "version": "2.3.1",
      "resolved": "https://pkgs.dev.azure.com/azure-sdk/_packaging/js-sdk-dependencies/npm/registry/jssha/-/jssha-2.3.1.tgz",
      "integrity": "sha1-FHshJTaQNcpLL30hDcU58Amz3po="
    },
    "jwa": {
      "version": "1.4.1",
      "resolved": "https://pkgs.dev.azure.com/azure-sdk/_packaging/js-sdk-dependencies/npm/registry/jwa/-/jwa-1.4.1.tgz",
      "integrity": "sha1-dDwymFy56YZVUw1TZBtmyGRbA5o=",
      "requires": {
        "buffer-equal-constant-time": "1.0.1",
        "ecdsa-sig-formatter": "1.0.11",
        "safe-buffer": "^5.0.1"
      }
    },
    "jws": {
      "version": "3.2.2",
      "resolved": "https://pkgs.dev.azure.com/azure-sdk/_packaging/js-sdk-dependencies/npm/registry/jws/-/jws-3.2.2.tgz",
      "integrity": "sha1-ABCZ82OUaMlBQADpmZX6UvtHgwQ=",
      "requires": {
        "jwa": "^1.4.1",
        "safe-buffer": "^5.0.1"
      }
    },
    "long": {
      "version": "4.0.0",
      "resolved": "https://pkgs.dev.azure.com/azure-sdk/_packaging/js-sdk-dependencies/npm/registry/long/-/long-4.0.0.tgz",
      "integrity": "sha1-mntxz7fTYaGU6lVSQckvdGjVvyg="
    },
    "mime-db": {
      "version": "1.40.0",
      "resolved": "https://pkgs.dev.azure.com/azure-sdk/_packaging/js-sdk-dependencies/npm/registry/mime-db/-/mime-db-1.40.0.tgz",
      "integrity": "sha1-plBX6ZjbCQ9zKmj2wnbTh9QSbDI="
    },
    "mime-types": {
      "version": "2.1.24",
      "resolved": "https://pkgs.dev.azure.com/azure-sdk/_packaging/js-sdk-dependencies/npm/registry/mime-types/-/mime-types-2.1.24.tgz",
      "integrity": "sha1-tvjQs+lR77d97eyhlM/20W9nb4E=",
      "requires": {
        "mime-db": "1.40.0"
      }
    },
    "mpns": {
      "version": "2.1.3",
      "resolved": "https://pkgs.dev.azure.com/azure-sdk/_packaging/js-sdk-dependencies/npm/registry/mpns/-/mpns-2.1.3.tgz",
      "integrity": "sha1-Qyi7I8p5Zp4zgziQdMiYcT4izLk="
    },
    "ms": {
      "version": "2.0.0",
      "resolved": "https://pkgs.dev.azure.com/azure-sdk/_packaging/js-sdk-dependencies/npm/registry/ms/-/ms-2.0.0.tgz",
      "integrity": "sha1-VgiurfwAvmwpAd9fmGF4jeDVl8g="
    },
    "oauth-sign": {
      "version": "0.9.0",
      "resolved": "https://pkgs.dev.azure.com/azure-sdk/_packaging/js-sdk-dependencies/npm/registry/oauth-sign/-/oauth-sign-0.9.0.tgz",
      "integrity": "sha1-R6ewFrqmi1+g7PPe4IqFxnmsZFU="
    },
    "performance-now": {
      "version": "2.1.0",
      "resolved": "https://pkgs.dev.azure.com/azure-sdk/_packaging/js-sdk-dependencies/npm/registry/performance-now/-/performance-now-2.1.0.tgz",
      "integrity": "sha1-Ywn04OX6kT7BxpMHrjZLSzd8nns="
    },
    "process": {
      "version": "0.11.10",
      "resolved": "https://pkgs.dev.azure.com/azure-sdk/_packaging/js-sdk-dependencies/npm/registry/process/-/process-0.11.10.tgz",
      "integrity": "sha1-czIwDoQBYb2j5podHZGn1LwW8YI="
    },
    "process-nextick-args": {
      "version": "2.0.0",
      "resolved": "https://pkgs.dev.azure.com/azure-sdk/_packaging/js-sdk-dependencies/npm/registry/process-nextick-args/-/process-nextick-args-2.0.0.tgz",
      "integrity": "sha1-o31zL0JxtKsa0HDTVQjoKQeI/6o="
    },
    "psl": {
      "version": "1.1.32",
      "resolved": "https://pkgs.dev.azure.com/azure-sdk/_packaging/js-sdk-dependencies/npm/registry/psl/-/psl-1.1.32.tgz",
      "integrity": "sha1-PxMnF88vnBaXJLK2yvNzz2lBmNs="
    },
    "punycode": {
      "version": "2.1.1",
      "resolved": "https://pkgs.dev.azure.com/azure-sdk/_packaging/js-sdk-dependencies/npm/registry/punycode/-/punycode-2.1.1.tgz",
      "integrity": "sha1-tYsBCsQMIsVldhbI0sLALHv0eew="
    },
    "qs": {
      "version": "6.5.2",
      "resolved": "https://pkgs.dev.azure.com/azure-sdk/_packaging/js-sdk-dependencies/npm/registry/qs/-/qs-6.5.2.tgz",
      "integrity": "sha1-yzroBuh0BERYTvFUzo7pjUA/PjY="
    },
    "querystring": {
      "version": "0.2.0",
      "resolved": "https://pkgs.dev.azure.com/azure-sdk/_packaging/js-sdk-dependencies/npm/registry/querystring/-/querystring-0.2.0.tgz",
      "integrity": "sha1-sgmEkgO7Jd+CDadW50cAWHhSFiA="
    },
    "readable-stream": {
      "version": "2.3.6",
      "resolved": "https://pkgs.dev.azure.com/azure-sdk/_packaging/js-sdk-dependencies/npm/registry/readable-stream/-/readable-stream-2.3.6.tgz",
      "integrity": "sha1-sRwn2IuP8fvgcGQ8+UsMea4bCq8=",
      "requires": {
        "core-util-is": "~1.0.0",
        "inherits": "~2.0.3",
        "isarray": "~1.0.0",
        "process-nextick-args": "~2.0.0",
        "safe-buffer": "~5.1.1",
        "string_decoder": "~1.1.1",
        "util-deprecate": "~1.0.1"
      }
    },
    "request": {
      "version": "2.88.0",
      "resolved": "https://pkgs.dev.azure.com/azure-sdk/_packaging/js-sdk-dependencies/npm/registry/request/-/request-2.88.0.tgz",
      "integrity": "sha1-nC/KT301tZLv5Xx/ClXoEFIST+8=",
      "requires": {
        "aws-sign2": "~0.7.0",
        "aws4": "^1.8.0",
        "caseless": "~0.12.0",
        "combined-stream": "~1.0.6",
        "extend": "~3.0.2",
        "forever-agent": "~0.6.1",
        "form-data": "~2.3.2",
        "har-validator": "~5.1.0",
        "http-signature": "~1.2.0",
        "is-typedarray": "~1.0.0",
        "isstream": "~0.1.2",
        "json-stringify-safe": "~5.0.1",
        "mime-types": "~2.1.19",
        "oauth-sign": "~0.9.0",
        "performance-now": "^2.1.0",
        "qs": "~6.5.2",
        "safe-buffer": "^5.1.2",
        "tough-cookie": "~2.4.3",
        "tunnel-agent": "^0.6.0",
        "uuid": "^3.3.2"
      }
    },
    "rhea": {
      "version": "1.0.7",
      "resolved": "https://pkgs.dev.azure.com/azure-sdk/_packaging/js-sdk-dependencies/npm/registry/rhea/-/rhea-1.0.7.tgz",
      "integrity": "sha1-ZYCMG4i2qidXi5o0laY0Z+xy9Rw=",
      "requires": {
        "debug": "0.8.0 - 3.5.0"
      }
    },
    "rhea-promise": {
      "version": "0.1.15",
      "resolved": "https://pkgs.dev.azure.com/azure-sdk/_packaging/js-sdk-dependencies/npm/registry/rhea-promise/-/rhea-promise-0.1.15.tgz",
      "integrity": "sha1-ABdTJDUiJEJNWbdxL68UCXqE6PI=",
      "requires": {
        "debug": "^3.1.0",
        "rhea": "^1.0.4",
        "tslib": "^1.9.3"
      }
    },
    "safe-buffer": {
      "version": "5.1.2",
      "resolved": "https://pkgs.dev.azure.com/azure-sdk/_packaging/js-sdk-dependencies/npm/registry/safe-buffer/-/safe-buffer-5.1.2.tgz",
      "integrity": "sha1-mR7GnSluAxN0fVm9/St0XDX4go0="
    },
    "safer-buffer": {
      "version": "2.1.2",
      "resolved": "https://pkgs.dev.azure.com/azure-sdk/_packaging/js-sdk-dependencies/npm/registry/safer-buffer/-/safer-buffer-2.1.2.tgz",
      "integrity": "sha1-RPoWGwGHuVSd2Eu5GAL5vYOFzWo="
    },
    "sax": {
      "version": "0.5.2",
      "resolved": "https://pkgs.dev.azure.com/azure-sdk/_packaging/js-sdk-dependencies/npm/registry/sax/-/sax-0.5.2.tgz",
      "integrity": "sha1-c1/6o5oc/4/7lZjwIjq9sDqfsuo="
    },
    "sshpk": {
      "version": "1.16.1",
      "resolved": "https://pkgs.dev.azure.com/azure-sdk/_packaging/js-sdk-dependencies/npm/registry/sshpk/-/sshpk-1.16.1.tgz",
      "integrity": "sha1-+2YcC+8ps520B2nuOfpwCT1vaHc=",
      "requires": {
        "asn1": "~0.2.3",
        "assert-plus": "^1.0.0",
        "bcrypt-pbkdf": "^1.0.0",
        "dashdash": "^1.12.0",
        "ecc-jsbn": "~0.1.1",
        "getpass": "^0.1.1",
        "jsbn": "~0.1.0",
        "safer-buffer": "^2.0.2",
        "tweetnacl": "~0.14.0"
      }
    },
    "stream-browserify": {
      "version": "2.0.2",
      "resolved": "https://pkgs.dev.azure.com/azure-sdk/_packaging/js-sdk-dependencies/npm/registry/stream-browserify/-/stream-browserify-2.0.2.tgz",
      "integrity": "sha1-h1IdOKRKp+6RzhzSpH3wy0ndZgs=",
      "requires": {
        "inherits": "~2.0.1",
        "readable-stream": "^2.0.2"
      }
    },
    "string_decoder": {
      "version": "1.1.1",
      "resolved": "https://pkgs.dev.azure.com/azure-sdk/_packaging/js-sdk-dependencies/npm/registry/string_decoder/-/string_decoder-1.1.1.tgz",
      "integrity": "sha1-nPFhG6YmhdcDCunkujQUnDrwP8g=",
      "requires": {
        "safe-buffer": "~5.1.0"
      }
    },
    "through": {
      "version": "2.3.8",
      "resolved": "https://pkgs.dev.azure.com/azure-sdk/_packaging/js-sdk-dependencies/npm/registry/through/-/through-2.3.8.tgz",
      "integrity": "sha1-DdTJ/6q8NXlgsbckEV1+Doai4fU="
    },
    "tough-cookie": {
      "version": "2.4.3",
      "resolved": "https://pkgs.dev.azure.com/azure-sdk/_packaging/js-sdk-dependencies/npm/registry/tough-cookie/-/tough-cookie-2.4.3.tgz",
      "integrity": "sha1-U/Nto/R3g7CSWvoG/587FlKA94E=",
      "requires": {
        "psl": "^1.1.24",
        "punycode": "^1.4.1"
      },
      "dependencies": {
        "punycode": {
          "version": "1.4.1",
          "resolved": "https://pkgs.dev.azure.com/azure-sdk/_packaging/js-sdk-dependencies/npm/registry/punycode/-/punycode-1.4.1.tgz",
          "integrity": "sha1-wNWmOycYgArY4esPpSachN1BhF4="
        }
      }
    },
    "tslib": {
      "version": "1.10.0",
      "resolved": "https://pkgs.dev.azure.com/azure-sdk/_packaging/js-sdk-dependencies/npm/registry/tslib/-/tslib-1.10.0.tgz",
      "integrity": "sha1-w8GflZc/sKYpc/sJ2Q2WHuQ+XIo="
    },
    "tunnel": {
      "version": "0.0.6",
      "resolved": "https://pkgs.dev.azure.com/azure-sdk/_packaging/js-sdk-dependencies/npm/registry/tunnel/-/tunnel-0.0.6.tgz",
      "integrity": "sha1-cvExSzSlsZLbASMk3yzFh8pH+Sw="
    },
    "tunnel-agent": {
      "version": "0.6.0",
      "resolved": "https://pkgs.dev.azure.com/azure-sdk/_packaging/js-sdk-dependencies/npm/registry/tunnel-agent/-/tunnel-agent-0.6.0.tgz",
      "integrity": "sha1-J6XeoGs2sEoKmWZ3SykIaPD8QP0=",
      "requires": {
        "safe-buffer": "^5.0.1"
      }
    },
    "tweetnacl": {
      "version": "0.14.5",
      "resolved": "https://pkgs.dev.azure.com/azure-sdk/_packaging/js-sdk-dependencies/npm/registry/tweetnacl/-/tweetnacl-0.14.5.tgz",
      "integrity": "sha1-WuaBd/GS1EViadEIr6k/+HQ/T2Q="
    },
    "underscore": {
      "version": "1.9.1",
      "resolved": "https://pkgs.dev.azure.com/azure-sdk/_packaging/js-sdk-dependencies/npm/registry/underscore/-/underscore-1.9.1.tgz",
      "integrity": "sha1-BtzjSg5op7q8KbNluOdLiSUgOWE="
    },
    "uri-js": {
      "version": "4.2.2",
      "resolved": "https://pkgs.dev.azure.com/azure-sdk/_packaging/js-sdk-dependencies/npm/registry/uri-js/-/uri-js-4.2.2.tgz",
      "integrity": "sha1-lMVA4f93KVbiKZUHwBCupsiDjrA=",
      "requires": {
        "punycode": "^2.1.0"
      }
    },
    "url": {
      "version": "0.11.0",
      "resolved": "https://pkgs.dev.azure.com/azure-sdk/_packaging/js-sdk-dependencies/npm/registry/url/-/url-0.11.0.tgz",
      "integrity": "sha1-ODjpfPxgUh63PFJajlW/3Z4uKPE=",
      "requires": {
        "punycode": "1.3.2",
        "querystring": "0.2.0"
      },
      "dependencies": {
        "punycode": {
          "version": "1.3.2",
          "resolved": "https://pkgs.dev.azure.com/azure-sdk/_packaging/js-sdk-dependencies/npm/registry/punycode/-/punycode-1.3.2.tgz",
          "integrity": "sha1-llOgNvt8HuQjQvIyXM7v6jkmxI0="
        }
      }
    },
    "util": {
      "version": "0.11.1",
      "resolved": "https://pkgs.dev.azure.com/azure-sdk/_packaging/js-sdk-dependencies/npm/registry/util/-/util-0.11.1.tgz",
      "integrity": "sha1-MjZzNyDsZLsn9uJvQhqqLhtYjWE=",
      "requires": {
        "inherits": "2.0.3"
      }
    },
    "util-deprecate": {
      "version": "1.0.2",
      "resolved": "https://pkgs.dev.azure.com/azure-sdk/_packaging/js-sdk-dependencies/npm/registry/util-deprecate/-/util-deprecate-1.0.2.tgz",
      "integrity": "sha1-RQ1Nyfpw3nMnYvvS1KKJgUGaDM8="
    },
    "uuid": {
      "version": "3.3.2",
      "resolved": "https://pkgs.dev.azure.com/azure-sdk/_packaging/js-sdk-dependencies/npm/registry/uuid/-/uuid-3.3.2.tgz",
      "integrity": "sha1-G0r0lV6zB3xQHCOHL8ZROBFYcTE="
    },
    "validator": {
      "version": "9.4.1",
      "resolved": "https://pkgs.dev.azure.com/azure-sdk/_packaging/js-sdk-dependencies/npm/registry/validator/-/validator-9.4.1.tgz",
      "integrity": "sha1-q/Rm05i1Yc0kMFARLG/x3mzBJmM="
    },
    "verror": {
      "version": "1.10.0",
      "resolved": "https://pkgs.dev.azure.com/azure-sdk/_packaging/js-sdk-dependencies/npm/registry/verror/-/verror-1.10.0.tgz",
      "integrity": "sha1-OhBcoXBTr1XW4nDB+CiGguGNpAA=",
      "requires": {
        "assert-plus": "^1.0.0",
        "core-util-is": "1.0.2",
        "extsprintf": "^1.2.0"
      }
    },
    "wns": {
      "version": "0.5.4",
      "resolved": "https://pkgs.dev.azure.com/azure-sdk/_packaging/js-sdk-dependencies/npm/registry/wns/-/wns-0.5.4.tgz",
      "integrity": "sha1-rY4u5g5nVVfalhDZRESn9Z7Or3g="
    },
    "xml2js": {
      "version": "0.2.7",
      "resolved": "https://pkgs.dev.azure.com/azure-sdk/_packaging/js-sdk-dependencies/npm/registry/xml2js/-/xml2js-0.2.7.tgz",
      "integrity": "sha1-GDhRi7AXQcrgh4urSRXklMMjBq8=",
      "requires": {
        "sax": "0.5.2"
      }
    },
    "xmlbuilder": {
      "version": "0.4.3",
      "resolved": "https://pkgs.dev.azure.com/azure-sdk/_packaging/js-sdk-dependencies/npm/registry/xmlbuilder/-/xmlbuilder-0.4.3.tgz",
      "integrity": "sha1-xGFLp04K0ZbmCcknLNnh3bKKilg="
    },
    "xmldom": {
      "version": "0.1.27",
      "resolved": "https://pkgs.dev.azure.com/azure-sdk/_packaging/js-sdk-dependencies/npm/registry/xmldom/-/xmldom-0.1.27.tgz",
      "integrity": "sha1-1QH5ezvbQDr4757MIFcxh6rawOk="
    },
    "xpath.js": {
      "version": "1.1.0",
      "resolved": "https://pkgs.dev.azure.com/azure-sdk/_packaging/js-sdk-dependencies/npm/registry/xpath.js/-/xpath.js-1.1.0.tgz",
      "integrity": "sha1-OBakTtS7NSCRCD0AKjg91RBKX/E="
    }
  }
}
